# This file was autogenerated by Stack.
# You should not edit this file by hand.
# For more information, please see the documentation at:
#   https://docs.haskellstack.org/en/stable/lock_files

packages:
- completed:
    hackage: sbv-8.14@sha256:babe05354ed4e60212d50e72a1e3aeef0ba442b63b40c7bbfeef726eb7cf3527,29018
    pantry-tree:
      size: 64237
      sha256: 645e5ea7bed80bff98f8213469d404dc2f9a5059a59579ea7a66d72cdface8fb
  original:
    hackage: sbv-8.14
snapshots:
- completed:
    size: 567037
    url: https://raw.githubusercontent.com/commercialhaskell/stackage-snapshots/master/lts/17/9.yaml
    sha256: d7d8d5106e53d1669964bd8bd2b0f88a5ad192d772f5376384b76738fd992311
  original:
    url: https://raw.githubusercontent.com/commercialhaskell/stackage-snapshots/master/lts/17/9.yaml
